
Microsoft Visual Studio Solution File, Format Version 12.00
Project("{2150E333-8FDC-42A3-9474-1A3956D46DE8}") = "src", "src", "{1F782339-952A-4E13-A2BF-736D5B0A2A6C}"
EndProject
Project("{FAE04EC0-301F-11D3-BF4B-00C04F79EFBC}") = "Itinero.Transit", "src\Itinero.Transit\Itinero.Transit.csproj", "{D0EFE6FE-1456-48AB-9821-FE990CD62302}"
EndProject
Project("{2150E333-8FDC-42A3-9474-1A3956D46DE8}") = "test", "test", "{E196CAD8-BD41-4E01-90B3-389EA209CECB}"
EndProject
Project("{FAE04EC0-301F-11D3-BF4B-00C04F79EFBC}") = "Itinero.Transit.Tests", "test\Itinero.Transit.Tests\Itinero.Transit.Tests.csproj", "{A931125D-D9B4-4AD2-BEED-6A61FFCAE937}"
EndProject
Project("{FAE04EC0-301F-11D3-BF4B-00C04F79EFBC}") = "Itinero.Transit.Tests.Functional", "test\Itinero.Transit.Tests.Functional\Itinero.Transit.Tests.Functional.csproj", "{04512B92-F3BB-42C7-8880-673E01253C69}"
EndProject
Project("{2150E333-8FDC-42A3-9474-1A3956D46DE8}") = "root", "root", "{9414215C-205F-4FFF-A013-1FCE4517CABC}"
ProjectSection(SolutionItems) = preProject
	LICENSE = LICENSE
	README.md = README.md
	SharedAssemblyVersion.cs = SharedAssemblyVersion.cs
EndProjectSection
EndProject
Project("{FAE04EC0-301F-11D3-BF4B-00C04F79EFBC}") = "Itinero.Transit.IO.LC", "src\Itinero.Transit.IO.LC\Itinero.Transit.IO.LC.csproj", "{782E9E90-8577-4CC5-86C7-26ABBF42BA76}"
EndProject
Project("{FAE04EC0-301F-11D3-BF4B-00C04F79EFBC}") = "Itinero.Transit.IO.OSM", "src\Itinero.Transit.IO.OSM\Itinero.Transit.IO.OSM.csproj", "{4B1CCEDD-BEF2-47AD-A167-F2F43B51AEC8}"
EndProject
Project("{2150E333-8FDC-42A3-9474-1A3956D46DE8}") = "samples", "samples", "{FE66A191-ED0A-47FD-A162-58F21B984C90}"
EndProject
Project("{FAE04EC0-301F-11D3-BF4B-00C04F79EFBC}") = "Sample.SNCB", "samples\Sample.SNCB\Sample.SNCB.csproj", "{3C87AC45-82D6-41D6-8ECF-18107BE2079A}"
EndProject
Project("{FAE04EC0-301F-11D3-BF4B-00C04F79EFBC}") = "TransitDataProcessor", "src\TransitDataProcessor\TransitDataProcessor.csproj", "{75B416D1-1893-40CB-8891-C3895A5534A4}"
EndProject
Global
	GlobalSection(SolutionConfigurationPlatforms) = preSolution
		Debug|Any CPU = Debug|Any CPU
		Release|Any CPU = Release|Any CPU
	EndGlobalSection
	GlobalSection(ProjectConfigurationPlatforms) = postSolution
		{D0EFE6FE-1456-48AB-9821-FE990CD62302}.Debug|Any CPU.ActiveCfg = Debug|Any CPU
		{D0EFE6FE-1456-48AB-9821-FE990CD62302}.Debug|Any CPU.Build.0 = Debug|Any CPU
		{D0EFE6FE-1456-48AB-9821-FE990CD62302}.Release|Any CPU.ActiveCfg = Release|Any CPU
		{D0EFE6FE-1456-48AB-9821-FE990CD62302}.Release|Any CPU.Build.0 = Release|Any CPU
		{A931125D-D9B4-4AD2-BEED-6A61FFCAE937}.Debug|Any CPU.ActiveCfg = Debug|Any CPU
		{A931125D-D9B4-4AD2-BEED-6A61FFCAE937}.Debug|Any CPU.Build.0 = Debug|Any CPU
		{A931125D-D9B4-4AD2-BEED-6A61FFCAE937}.Release|Any CPU.ActiveCfg = Release|Any CPU
		{A931125D-D9B4-4AD2-BEED-6A61FFCAE937}.Release|Any CPU.Build.0 = Release|Any CPU
		{04512B92-F3BB-42C7-8880-673E01253C69}.Debug|Any CPU.ActiveCfg = Debug|Any CPU
		{04512B92-F3BB-42C7-8880-673E01253C69}.Debug|Any CPU.Build.0 = Debug|Any CPU
		{04512B92-F3BB-42C7-8880-673E01253C69}.Release|Any CPU.ActiveCfg = Release|Any CPU
		{04512B92-F3BB-42C7-8880-673E01253C69}.Release|Any CPU.Build.0 = Release|Any CPU
		{782E9E90-8577-4CC5-86C7-26ABBF42BA76}.Debug|Any CPU.ActiveCfg = Debug|Any CPU
		{782E9E90-8577-4CC5-86C7-26ABBF42BA76}.Debug|Any CPU.Build.0 = Debug|Any CPU
		{782E9E90-8577-4CC5-86C7-26ABBF42BA76}.Release|Any CPU.ActiveCfg = Release|Any CPU
		{782E9E90-8577-4CC5-86C7-26ABBF42BA76}.Release|Any CPU.Build.0 = Release|Any CPU
		{4B1CCEDD-BEF2-47AD-A167-F2F43B51AEC8}.Debug|Any CPU.ActiveCfg = Debug|Any CPU
		{4B1CCEDD-BEF2-47AD-A167-F2F43B51AEC8}.Debug|Any CPU.Build.0 = Debug|Any CPU
		{4B1CCEDD-BEF2-47AD-A167-F2F43B51AEC8}.Release|Any CPU.ActiveCfg = Release|Any CPU
		{4B1CCEDD-BEF2-47AD-A167-F2F43B51AEC8}.Release|Any CPU.Build.0 = Release|Any CPU
		{3C87AC45-82D6-41D6-8ECF-18107BE2079A}.Debug|Any CPU.ActiveCfg = Debug|Any CPU
		{3C87AC45-82D6-41D6-8ECF-18107BE2079A}.Debug|Any CPU.Build.0 = Debug|Any CPU
		{3C87AC45-82D6-41D6-8ECF-18107BE2079A}.Release|Any CPU.ActiveCfg = Release|Any CPU
		{3C87AC45-82D6-41D6-8ECF-18107BE2079A}.Release|Any CPU.Build.0 = Release|Any CPU
		{75B416D1-1893-40CB-8891-C3895A5534A4}.Debug|Any CPU.ActiveCfg = Debug|Any CPU
		{75B416D1-1893-40CB-8891-C3895A5534A4}.Debug|Any CPU.Build.0 = Debug|Any CPU
		{75B416D1-1893-40CB-8891-C3895A5534A4}.Release|Any CPU.ActiveCfg = Release|Any CPU
		{75B416D1-1893-40CB-8891-C3895A5534A4}.Release|Any CPU.Build.0 = Release|Any CPU
	EndGlobalSection
	GlobalSection(NestedProjects) = preSolution
		{D0EFE6FE-1456-48AB-9821-FE990CD62302} = {1F782339-952A-4E13-A2BF-736D5B0A2A6C}
		{A931125D-D9B4-4AD2-BEED-6A61FFCAE937} = {E196CAD8-BD41-4E01-90B3-389EA209CECB}
		{04512B92-F3BB-42C7-8880-673E01253C69} = {E196CAD8-BD41-4E01-90B3-389EA209CECB}
		{782E9E90-8577-4CC5-86C7-26ABBF42BA76} = {1F782339-952A-4E13-A2BF-736D5B0A2A6C}
		{4B1CCEDD-BEF2-47AD-A167-F2F43B51AEC8} = {1F782339-952A-4E13-A2BF-736D5B0A2A6C}
		{3C87AC45-82D6-41D6-8ECF-18107BE2079A} = {FE66A191-ED0A-47FD-A162-58F21B984C90}
		{75B416D1-1893-40CB-8891-C3895A5534A4} = {1F782339-952A-4E13-A2BF-736D5B0A2A6C}
	EndGlobalSection
EndGlobal
