
Microsoft Visual Studio Solution File, Format Version 12.00
Project("{FAE04EC0-301F-11D3-BF4B-00C04F79EFBC}") = "Itinero-Transit", "Itinero-Transit.csproj", "{015326A3-7AFC-4AA1-AAEE-CDF14920F17B}"
EndProject
Project("{FAE04EC0-301F-11D3-BF4B-00C04F79EFBC}") = "Itinero-Transit-Tests", "..\Itinero-Transit-Tests\Itinero-Transit-Tests.csproj", "{5B54805B-90D8-42D2-998E-E6B463393712}"
EndProject
Global
	GlobalSection(SolutionConfigurationPlatforms) = preSolution
		Debug|Any CPU = Debug|Any CPU
		Release|Any CPU = Release|Any CPU
	EndGlobalSection
	GlobalSection(ProjectConfigurationPlatforms) = postSolution
		{015326A3-7AFC-4AA1-AAEE-CDF14920F17B}.Debug|Any CPU.ActiveCfg = Debug|Any CPU
		{015326A3-7AFC-4AA1-AAEE-CDF14920F17B}.Debug|Any CPU.Build.0 = Debug|Any CPU
		{015326A3-7AFC-4AA1-AAEE-CDF14920F17B}.Release|Any CPU.ActiveCfg = Release|Any CPU
		{015326A3-7AFC-4AA1-AAEE-CDF14920F17B}.Release|Any CPU.Build.0 = Release|Any CPU
		{5B54805B-90D8-42D2-998E-E6B463393712}.Debug|Any CPU.ActiveCfg = Debug|Any CPU
		{5B54805B-90D8-42D2-998E-E6B463393712}.Debug|Any CPU.Build.0 = Debug|Any CPU
		{5B54805B-90D8-42D2-998E-E6B463393712}.Release|Any CPU.ActiveCfg = Release|Any CPU
		{5B54805B-90D8-42D2-998E-E6B463393712}.Release|Any CPU.Build.0 = Release|Any CPU
	EndGlobalSection
EndGlobal